schema: local-ci-toolchain-lock/v2
runner:
    repository: hap-team/runner
    version: v0.8.28
    commit: adca9b1d6b924eabb98c33fb2c3f0c282c4b87ef
    protocol: local-ci/v1
    artifacts:
        darwin-arm64:
            file: runner_v0.8.28_darwin_arm64
            sha256: e41eded3289fabc919a84b88c41ebf87e72e9aaeb59838bd311566de83568f85
        linux-amd64:
            file: runner_v0.8.28_linux_amd64
            sha256: 83e321ffc3106db52135bd6017d9eb0ee0260d99892fc8528cff23c6e373c0bf
        linux-arm64:
            file: runner_v0.8.28_linux_arm64
            sha256: 1acc7f79ebf33f4d02e87a21782d17a88d5d83de2b10f920b394e1e8b15a1ecd
plugins: {}
profiles:
    go:
        versions:
            "1.26":
                image: golang:1.26.3-bookworm
            "1.27":
                image: golang:1.27.1-bookworm
