{
  "schema": "local-ci-toolchain-lock/v2",
  "runner": {
    "repository": "cajoy/runner",
    "version": "v0.8.14",
    "commit": "e8bb16ef6264a3df546f022e475bd8e4178e2f52",
    "protocol": "local-ci/v1",
    "artifacts": {
      "darwin-arm64": {
        "file": "runner_v0.8.14_darwin_arm64",
        "sha256": "4fa7b0d84fe29484ce0ecce4f2b884a8873c8e3e06d2c65b36b0a6d7df65f83f"
      },
      "linux-amd64": {
        "file": "runner_v0.8.14_linux_amd64",
        "sha256": "638f51f7558d48378621c29f8aeaa90009b0cc3bbacfe65151d22df44562c092"
      },
      "linux-arm64": {
        "file": "runner_v0.8.14_linux_arm64",
        "sha256": "f1da69baf8a517554808d6b61634cc8367751abbb0cbee81b4a60bda5e885a36"
      }
    }
  },
  "plugins": {},
  "profiles": {
    "go": {
      "versions": {
        "1.26": {
          "image": "golang:1.26.3-bookworm"
        },
        "1.27": {
          "image": "golang:1.27.1-bookworm"
        }
      }
    }
  }
}
